
Microsoft Visual Studio Solution File, Format Version 12.00
# Visual Studio Version 16
VisualStudioVersion = 16.0.31424.327
MinimumVisualStudioVersion = 10.0.40219.1
Project("{FAE04EC0-301F-11D3-BF4B-00C04F79EFBC}") = "WindowsFormsApp13", "WindowsFormsApp13\WindowsFormsApp13.csproj", "{DAE54E34-12A4-4800-9F70-101B75E6848E}"
EndProject
Global
	GlobalSection(SolutionConfigurationPlatforms) = preSolution
		Debug|Any CPU = Debug|Any CPU
		Release|Any CPU = Release|Any CPU
	EndGlobalSection
	GlobalSection(ProjectConfigurationPlatforms) = postSolution
		{DAE54E34-12A4-4800-9F70-101B75E6848E}.Debug|Any CPU.ActiveCfg = Debug|Any CPU
		{DAE54E34-12A4-4800-9F70-101B75E6848E}.Debug|Any CPU.Build.0 = Debug|Any CPU
		{DAE54E34-12A4-4800-9F70-101B75E6848E}.Release|Any CPU.ActiveCfg = Release|Any CPU
		{DAE54E34-12A4-4800-9F70-101B75E6848E}.Release|Any CPU.Build.0 = Release|Any CPU
	EndGlobalSection
	GlobalSection(SolutionProperties) = preSolution
		HideSolutionNode = FALSE
	EndGlobalSection
	GlobalSection(ExtensibilityGlobals) = postSolution
		SolutionGuid = {C21F1E21-45C5-4BB1-B61B-85EEAACEC43D}
	EndGlobalSection
EndGlobal
